
Microsoft Visual Studio Solution File, Format Version 11.00
# Visual Studio 2010
Project("{FAE04EC0-301F-11D3-BF4B-00C04F79EFBC}") = "Assembly-CSharp-firstpass", "Assembly-CSharp-firstpass.csproj", "{B0F61A6A-90C0-C00F-D042-256F49DA6F32}"
EndProject
Project("{FAE04EC0-301F-11D3-BF4B-00C04F79EFBC}") = "Assembly-CSharp", "Assembly-CSharp.csproj", "{B0E1B7B0-DCEB-BF6A-DB8D-AEFD07D299CF}"
EndProject
Project("{FAE04EC0-301F-11D3-BF4B-00C04F79EFBC}") = "Assembly-CSharp-Editor-firstpass", "Assembly-CSharp-Editor-firstpass.csproj", "{FD98798D-C933-03E7-6962-DD20FDB9A882}"
EndProject
Project("{FAE04EC0-301F-11D3-BF4B-00C04F79EFBC}") = "Assembly-CSharp-Editor", "Assembly-CSharp-Editor.csproj", "{F6A4131C-3C64-5EBD-3FB1-52113A7E548A}"
EndProject
Global
	GlobalSection(SolutionConfigurationPlatforms) = preSolution
		Debug|Any CPU = Debug|Any CPU
		Release|Any CPU = Release|Any CPU
	EndGlobalSection
	GlobalSection(ProjectConfigurationPlatforms) = postSolution
		{B0F61A6A-90C0-C00F-D042-256F49DA6F32}.Debug|Any CPU.ActiveCfg = Debug|Any CPU
		{B0F61A6A-90C0-C00F-D042-256F49DA6F32}.Debug|Any CPU.Build.0 = Debug|Any CPU
		{B0F61A6A-90C0-C00F-D042-256F49DA6F32}.Release|Any CPU.ActiveCfg = Release|Any CPU
		{B0F61A6A-90C0-C00F-D042-256F49DA6F32}.Release|Any CPU.Build.0 = Release|Any CPU
		{B0E1B7B0-DCEB-BF6A-DB8D-AEFD07D299CF}.Debug|Any CPU.ActiveCfg = Debug|Any CPU
		{B0E1B7B0-DCEB-BF6A-DB8D-AEFD07D299CF}.Debug|Any CPU.Build.0 = Debug|Any CPU
		{B0E1B7B0-DCEB-BF6A-DB8D-AEFD07D299CF}.Release|Any CPU.ActiveCfg = Release|Any CPU
		{B0E1B7B0-DCEB-BF6A-DB8D-AEFD07D299CF}.Release|Any CPU.Build.0 = Release|Any CPU
		{FD98798D-C933-03E7-6962-DD20FDB9A882}.Debug|Any CPU.ActiveCfg = Debug|Any CPU
		{FD98798D-C933-03E7-6962-DD20FDB9A882}.Debug|Any CPU.Build.0 = Debug|Any CPU
		{FD98798D-C933-03E7-6962-DD20FDB9A882}.Release|Any CPU.ActiveCfg = Release|Any CPU
		{FD98798D-C933-03E7-6962-DD20FDB9A882}.Release|Any CPU.Build.0 = Release|Any CPU
		{F6A4131C-3C64-5EBD-3FB1-52113A7E548A}.Debug|Any CPU.ActiveCfg = Debug|Any CPU
		{F6A4131C-3C64-5EBD-3FB1-52113A7E548A}.Debug|Any CPU.Build.0 = Debug|Any CPU
		{F6A4131C-3C64-5EBD-3FB1-52113A7E548A}.Release|Any CPU.ActiveCfg = Release|Any CPU
		{F6A4131C-3C64-5EBD-3FB1-52113A7E548A}.Release|Any CPU.Build.0 = Release|Any CPU
	EndGlobalSection
	GlobalSection(SolutionProperties) = preSolution
		HideSolutionNode = FALSE
	EndGlobalSection
	GlobalSection(MonoDevelopProperties) = preSolution
		StartupItem = Assembly-CSharp.csproj
	EndGlobalSection
EndGlobal
